// !$*UTF8*$!
{
	archiveVersion = 1;
	classes = {
	};
	objectVersion = 46;
	objects = {

/* Begin PBXBuildFile section */
		917B7C401AAB487F00F01B43 /* AppDelegate.swift in Sources */ = {isa = PBXBuildFile; fileRef = 917B7C3F1AAB487F00F01B43 /* AppDelegate.swift */; };
		917B7C421AAB487F00F01B43 /* ViewController.swift in Sources */ = {isa = PBXBuildFile; fileRef = 917B7C411AAB487F00F01B43 /* ViewController.swift */; };
		917B7C451AAB487F00F01B43 /* Main.storyboard in Resources */ = {isa = PBXBuildFile; fileRef = 917B7C431AAB487F00F01B43 /* Main.storyboard */; };
		917B7C471AAB487F00F01B43 /* Images.xcassets in Resources */ = {isa = PBXBuildFile; fileRef = 917B7C461AAB487F00F01B43 /* Images.xcassets */; };
		917B7C561AAB487F00F01B43 /* TumblrTests.swift in Sources */ = {isa = PBXBuildFile; fileRef = 917B7C551AAB487F00F01B43 /* TumblrTests.swift */; };
		917B7C621AAB4E2E00F01B43 /* TrendingViewController.swift in Sources */ = {isa = PBXBuildFile; fileRef = 917B7C611AAB4E2E00F01B43 /* TrendingViewController.swift */; };
		917B7C641AAB4E3A00F01B43 /* AccountViewController.swift in Sources */ = {isa = PBXBuildFile; fileRef = 917B7C631AAB4E3A00F01B43 /* AccountViewController.swift */; };
		917B7C661AAB528000F01B43 /* HomeViewController.swift in Sources */ = {isa = PBXBuildFile; fileRef = 917B7C651AAB528000F01B43 /* HomeViewController.swift */; };
		917B7C681AAB53A800F01B43 /* SearchViewController.swift in Sources */ = {isa = PBXBuildFile; fileRef = 917B7C671AAB53A800F01B43 /* SearchViewController.swift */; };
		917B7C6A1AAB543F00F01B43 /* ComposeViewController.swift in Sources */ = {isa = PBXBuildFile; fileRef = 917B7C691AAB543F00F01B43 /* ComposeViewController.swift */; };
		917B7C6E1AAD22C100F01B43 /* TabBarViewController.swift in Sources */ = {isa = PBXBuildFile; fileRef = 917B7C6D1AAD22C100F01B43 /* TabBarViewController.swift */; };
/* End PBXBuildFile section */

/* Begin PBXContainerItemProxy section */
		917B7C501AAB487F00F01B43 /* PBXContainerItemProxy */ = {
			isa = PBXContainerItemProxy;
			containerPortal = 917B7C321AAB487F00F01B43 /* Project object */;
			proxyType = 1;
			remoteGlobalIDString = 917B7C391AAB487F00F01B43;
			remoteInfo = Tumblr;
		};
/* End PBXContainerItemProxy section */

/* Begin PBXFileReference section */
		917B7C3A1AAB487F00F01B43 /* Tumblr.app */ = {isa = PBXFileReference; explicitFileType = wrapper.application; includeInIndex = 0; path = Tumblr.app; sourceTree = BUILT_PRODUCTS_DIR; };
		917B7C3E1AAB487F00F01B43 /* Info.plist */ = {isa = PBXFileReference; lastKnownFileType = text.plist.xml; path = Info.plist; sourceTree = "<group>"; };
		917B7C3F1AAB487F00F01B43 /* AppDelegate.swift */ = {isa = PBXFileReference; lastKnownFileType = sourcecode.swift; path = AppDelegate.swift; sourceTree = "<group>"; };
		917B7C411AAB487F00F01B43 /* ViewController.swift */ = {isa = PBXFileReference; lastKnownFileType = sourcecode.swift; path = ViewController.swift; sourceTree = "<group>"; };
		917B7C441AAB487F00F01B43 /* Base */ = {isa = PBXFileReference; lastKnownFileType = file.storyboard; name = Base; path = Base.lproj/Main.storyboard; sourceTree = "<group>"; };
		917B7C461AAB487F00F01B43 /* Images.xcassets */ = {isa = PBXFileReference; lastKnownFileType = folder.assetcatalog; path = Images.xcassets; sourceTree = "<group>"; };
		917B7C4F1AAB487F00F01B43 /* TumblrTests.xctest */ = {isa = PBXFileReference; explicitFileType = wrapper.cfbundle; includeInIndex = 0; path = TumblrTests.xctest; sourceTree = BUILT_PRODUCTS_DIR; };
		917B7C541AAB487F00F01B43 /* Info.plist */ = {isa = PBXFileReference; lastKnownFileType = text.plist.xml; path = Info.plist; sourceTree = "<group>"; };
		917B7C551AAB487F00F01B43 /* TumblrTests.swift */ = {isa = PBXFileReference; lastKnownFileType = sourcecode.swift; path = TumblrTests.swift; sourceTree = "<group>"; };
		917B7C611AAB4E2E00F01B43 /* TrendingViewController.swift */ = {isa = PBXFileReference; fileEncoding = 4; lastKnownFileType = sourcecode.swift; path = TrendingViewController.swift; sourceTree = "<group>"; };
		917B7C631AAB4E3A00F01B43 /* AccountViewController.swift */ = {isa = PBXFileReference; fileEncoding = 4; lastKnownFileType = sourcecode.swift; path = AccountViewController.swift; sourceTree = "<group>"; };
		917B7C651AAB528000F01B43 /* HomeViewController.swift */ = {isa = PBXFileReference; fileEncoding = 4; lastKnownFileType = sourcecode.swift; path = HomeViewController.swift; sourceTree = "<group>"; };
		917B7C671AAB53A800F01B43 /* SearchViewController.swift */ = {isa = PBXFileReference; fileEncoding = 4; lastKnownFileType = sourcecode.swift; path = SearchViewController.swift; sourceTree = "<group>"; };
		917B7C691AAB543F00F01B43 /* ComposeViewController.swift */ = {isa = PBXFileReference; fileEncoding = 4; lastKnownFileType = sourcecode.swift; path = ComposeViewController.swift; sourceTree = "<group>"; };
		917B7C6D1AAD22C100F01B43 /* TabBarViewController.swift */ = {isa = PBXFileReference; fileEncoding = 4; lastKnownFileType = sourcecode.swift; path = TabBarViewController.swift; sourceTree = "<group>"; };
/* End PBXFileReference section */

/* Begin PBXFrameworksBuildPhase section */
		917B7C371AAB487F00F01B43 /* Frameworks */ = {
			isa = PBXFrameworksBuildPhase;
			buildActionMask = 2147483647;
			files = (
			);
			runOnlyForDeploymentPostprocessing = 0;
		};
		917B7C4C1AAB487F00F01B43 /* Frameworks */ = {
			isa = PBXFrameworksBuildPhase;
			buildActionMask = 2147483647;
			files = (
			);
			runOnlyForDeploymentPostprocessing = 0;
		};
/* End PBXFrameworksBuildPhase section */

/* Begin PBXGroup section */
		917B7C311AAB487F00F01B43 = {
			isa = PBXGroup;
			children = (
				917B7C3C1AAB487F00F01B43 /* Tumblr */,
				917B7C521AAB487F00F01B43 /* TumblrTests */,
				917B7C3B1AAB487F00F01B43 /* Products */,
			);
			sourceTree = "<group>";
		};
		917B7C3B1AAB487F00F01B43 /* Products */ = {
			isa = PBXGroup;
			children = (
				917B7C3A1AAB487F00F01B43 /* Tumblr.app */,
				917B7C4F1AAB487F00F01B43 /* TumblrTests.xctest */,
			);
			name = Products;
			sourceTree = "<group>";
		};
		917B7C3C1AAB487F00F01B43 /* Tumblr */ = {
			isa = PBXGroup;
			children = (
				917B7C3F1AAB487F00F01B43 /* AppDelegate.swift */,
				917B7C6D1AAD22C100F01B43 /* TabBarViewController.swift */,
				917B7C411AAB487F00F01B43 /* ViewController.swift */,
				917B7C431AAB487F00F01B43 /* Main.storyboard */,
				917B7C691AAB543F00F01B43 /* ComposeViewController.swift */,
				917B7C671AAB53A800F01B43 /* SearchViewController.swift */,
				917B7C651AAB528000F01B43 /* HomeViewController.swift */,
				917B7C631AAB4E3A00F01B43 /* AccountViewController.swift */,
				917B7C461AAB487F00F01B43 /* Images.xcassets */,
				917B7C3D1AAB487F00F01B43 /* Supporting Files */,
				917B7C611AAB4E2E00F01B43 /* TrendingViewController.swift */,
			);
			path = Tumblr;
			sourceTree = "<group>";
		};
		917B7C3D1AAB487F00F01B43 /* Supporting Files */ = {
			isa = PBXGroup;
			children = (
				917B7C3E1AAB487F00F01B43 /* Info.plist */,
			);
			name = "Supporting Files";
			sourceTree = "<group>";
		};
		917B7C521AAB487F00F01B43 /* TumblrTests */ = {
			isa = PBXGroup;
			children = (
				917B7C551AAB487F00F01B43 /* TumblrTests.swift */,
				917B7C531AAB487F00F01B43 /* Supporting Files */,
			);
			path = TumblrTests;
			sourceTree = "<group>";
		};
		917B7C531AAB487F00F01B43 /* Supporting Files */ = {
			isa = PBXGroup;
			children = (
				917B7C541AAB487F00F01B43 /* Info.plist */,
			);
			name = "Supporting Files";
			sourceTree = "<group>";
		};
/* End PBXGroup section */

/* Begin PBXNativeTarget section */
		917B7C391AAB487F00F01B43 /* Tumblr */ = {
			isa = PBXNativeTarget;
			buildConfigurationList = 917B7C591AAB487F00F01B43 /* Build configuration list for PBXNativeTarget "Tumblr" */;
			buildPhases = (
				917B7C361AAB487F00F01B43 /* Sources */,
				917B7C371AAB487F00F01B43 /* Frameworks */,
				917B7C381AAB487F00F01B43 /* Resources */,
			);
			buildRules = (
			);
			dependencies = (
			);
			name = Tumblr;
			productName = Tumblr;
			productReference = 917B7C3A1AAB487F00F01B43 /* Tumblr.app */;
			productType = "com.apple.product-type.application";
		};
		917B7C4E1AAB487F00F01B43 /* TumblrTests */ = {
			isa = PBXNativeTarget;
			buildConfigurationList = 917B7C5C1AAB487F00F01B43 /* Build configuration list for PBXNativeTarget "TumblrTests" */;
			buildPhases = (
				917B7C4B1AAB487F00F01B43 /* Sources */,
				917B7C4C1AAB487F00F01B43 /* Frameworks */,
				917B7C4D1AAB487F00F01B43 /* Resources */,
			);
			buildRules = (
			);
			dependencies = (
				917B7C511AAB487F00F01B43 /* PBXTargetDependency */,
			);
			name = TumblrTests;
			productName = TumblrTests;
			productReference = 917B7C4F1AAB487F00F01B43 /* TumblrTests.xctest */;
			productType = "com.apple.product-type.bundle.unit-test";
		};
/* End PBXNativeTarget section */

/* Begin PBXProject section */
		917B7C321AAB487F00F01B43 /* Project object */ = {
			isa = PBXProject;
			attributes = {
				LastUpgradeCheck = 0610;
				ORGANIZATIONNAME = Nico;
				TargetAttributes = {
					917B7C391AAB487F00F01B43 = {
						CreatedOnToolsVersion = 6.1.1;
					};
					917B7C4E1AAB487F00F01B43 = {
						CreatedOnToolsVersion = 6.1.1;
						TestTargetID = 917B7C391AAB487F00F01B43;
					};
				};
			};
			buildConfigurationList = 917B7C351AAB487F00F01B43 /* Build configuration list for PBXProject "Tumblr" */;
			compatibilityVersion = "Xcode 3.2";
			developmentRegion = English;
			hasScannedForEncodings = 0;
			knownRegions = (
				en,
				Base,
			);
			mainGroup = 917B7C311AAB487F00F01B43;
			productRefGroup = 917B7C3B1AAB487F00F01B43 /* Products */;
			projectDirPath = "";
			projectRoot = "";
			targets = (
				917B7C391AAB487F00F01B43 /* Tumblr */,
				917B7C4E1AAB487F00F01B43 /* TumblrTests */,
			);
		};
/* End PBXProject section */

/* Begin PBXResourcesBuildPhase section */
		917B7C381AAB487F00F01B43 /* Resources */ = {
			isa = PBXResourcesBuildPhase;
			buildActionMask = 2147483647;
			files = (
				917B7C451AAB487F00F01B43 /* Main.storyboard in Resources */,
				917B7C471AAB487F00F01B43 /* Images.xcassets in Resources */,
			);
			runOnlyForDeploymentPostprocessing = 0;
		};
		917B7C4D1AAB487F00F01B43 /* Resources */ = {
			isa = PBXResourcesBuildPhase;
			buildActionMask = 2147483647;
			files = (
			);
			runOnlyForDeploymentPostprocessing = 0;
		};
/* End PBXResourcesBuildPhase section */

/* Begin PBXSourcesBuildPhase section */
		917B7C361AAB487F00F01B43 /* Sources */ = {
			isa = PBXSourcesBuildPhase;
			buildActionMask = 2147483647;
			files = (
				917B7C6E1AAD22C100F01B43 /* TabBarViewController.swift in Sources */,
				917B7C421AAB487F00F01B43 /* ViewController.swift in Sources */,
				917B7C681AAB53A800F01B43 /* SearchViewController.swift in Sources */,
				917B7C641AAB4E3A00F01B43 /* AccountViewController.swift in Sources */,
				917B7C6A1AAB543F00F01B43 /* ComposeViewController.swift in Sources */,
				917B7C621AAB4E2E00F01B43 /* TrendingViewController.swift in Sources */,
				917B7C401AAB487F00F01B43 /* AppDelegate.swift in Sources */,
				917B7C661AAB528000F01B43 /* HomeViewController.swift in Sources */,
			);
			runOnlyForDeploymentPostprocessing = 0;
		};
		917B7C4B1AAB487F00F01B43 /* Sources */ = {
			isa = PBXSourcesBuildPhase;
			buildActionMask = 2147483647;
			files = (
				917B7C561AAB487F00F01B43 /* TumblrTests.swift in Sources */,
			);
			runOnlyForDeploymentPostprocessing = 0;
		};
/* End PBXSourcesBuildPhase section */

/* Begin PBXTargetDependency section */
		917B7C511AAB487F00F01B43 /* PBXTargetDependency */ = {
			isa = PBXTargetDependency;
			target = 917B7C391AAB487F00F01B43 /* Tumblr */;
			targetProxy = 917B7C501AAB487F00F01B43 /* PBXContainerItemProxy */;
		};
/* End PBXTargetDependency section */

/* Begin PBXVariantGroup section */
		917B7C431AAB487F00F01B43 /* Main.storyboard */ = {
			isa = PBXVariantGroup;
			children = (
				917B7C441AAB487F00F01B43 /* Base */,
			);
			name = Main.storyboard;
			sourceTree = "<group>";
		};
/* End PBXVariantGroup section */

/* Begin XCBuildConfiguration section */
		917B7C571AAB487F00F01B43 /* Debug */ = {
			isa = XCBuildConfiguration;
			buildSettings = {
				ALWAYS_SEARCH_USER_PATHS = NO;
				CLANG_CXX_LANGUAGE_STANDARD = "gnu++0x";
				CLANG_CXX_LIBRARY = "libc++";
				CLANG_ENABLE_MODULES = YES;
				CLANG_ENABLE_OBJC_ARC = YES;
				CLANG_WARN_BOOL_CONVERSION = YES;
				CLANG_WARN_CONSTANT_CONVERSION = YES;
				CLANG_WARN_DIRECT_OBJC_ISA_USAGE = YES_ERROR;
				CLANG_WARN_EMPTY_BODY = YES;
				CLANG_WARN_ENUM_CONVERSION = YES;
				CLANG_WARN_INT_CONVERSION = YES;
				CLANG_WARN_OBJC_ROOT_CLASS = YES_ERROR;
				CLANG_WARN_UNREACHABLE_CODE = YES;
				CLANG_WARN__DUPLICATE_METHOD_MATCH = YES;
				"CODE_SIGN_IDENTITY[sdk=iphoneos*]" = "iPhone Developer";
				COPY_PHASE_STRIP = NO;
				ENABLE_STRICT_OBJC_MSGSEND = YES;
				GCC_C_LANGUAGE_STANDARD = gnu99;
				GCC_DYNAMIC_NO_PIC = NO;
				GCC_OPTIMIZATION_LEVEL = 0;
				GCC_PREPROCESSOR_DEFINITIONS = (
					"DEBUG=1",
					"$(inherited)",
				);
				GCC_SYMBOLS_PRIVATE_EXTERN = NO;
				GCC_WARN_64_TO_32_BIT_CONVERSION = YES;
				GCC_WARN_ABOUT_RETURN_TYPE = YES_ERROR;
				GCC_WARN_UNDECLARED_SELECTOR = YES;
				GCC_WARN_UNINITIALIZED_AUTOS = YES_AGGRESSIVE;
				GCC_WARN_UNUSED_FUNCTION = YES;
				GCC_WARN_UNUSED_VARIABLE = YES;
				IPHONEOS_DEPLOYMENT_TARGET = 8.1;
				MTL_ENABLE_DEBUG_INFO = YES;
				ONLY_ACTIVE_ARCH = YES;
				SDKROOT = iphoneos;
				SWIFT_OPTIMIZATION_LEVEL = "-Onone";
			};
			name = Debug;
		};
		917B7C581AAB487F00F01B43 /* Release */ = {
			isa = XCBuildConfiguration;
			buildSettings = {
				ALWAYS_SEARCH_USER_PATHS = NO;
				CLANG_CXX_LANGUAGE_STANDARD = "gnu++0x";
				CLANG_CXX_LIBRARY = "libc++";
				CLANG_ENABLE_MODULES = YES;
				CLANG_ENABLE_OBJC_ARC = YES;
				CLANG_WARN_BOOL_CONVERSION = YES;
				CLANG_WARN_CONSTANT_CONVERSION = YES;
				CLANG_WARN_DIRECT_OBJC_ISA_USAGE = YES_ERROR;
				CLANG_WARN_EMPTY_BODY = YES;
				CLANG_WARN_ENUM_CONVERSION = YES;
				CLANG_WARN_INT_CONVERSION = YES;
				CLANG_WARN_OBJC_ROOT_CLASS = YES_ERROR;
				CLANG_WARN_UNREACHABLE_CODE = YES;
				CLANG_WARN__DUPLICATE_METHOD_MATCH = YES;
				"CODE_SIGN_IDENTITY[sdk=iphoneos*]" = "iPhone Developer";
				COPY_PHASE_STRIP = YES;
				ENABLE_NS_ASSERTIONS = NO;
				ENABLE_STRICT_OBJC_MSGSEND = YES;
				GCC_C_LANGUAGE_STANDARD = gnu99;
				GCC_WARN_64_TO_32_BIT_CONVERSION = YES;
				GCC_WARN_ABOUT_RETURN_TYPE = YES_ERROR;
				GCC_WARN_UNDECLARED_SELECTOR = YES;
				GCC_WARN_UNINITIALIZED_AUTOS = YES_AGGRESSIVE;
				GCC_WARN_UNUSED_FUNCTION = YES;
				GCC_WARN_UNUSED_VARIABLE = YES;
				IPHONEOS_DEPLOYMENT_TARGET = 8.1;
				MTL_ENABLE_DEBUG_INFO = NO;
				SDKROOT = iphoneos;
				VALIDATE_PRODUCT = YES;
			};
			name = Release;
		};
		917B7C5A1AAB487F00F01B43 /* Debug */ = {
			isa = XCBuildConfiguration;
			buildSettings = {
				ASSETCATALOG_COMPILER_APPICON_NAME = AppIcon;
				ASSETCATALOG_COMPILER_LAUNCHIMAGE_NAME = LaunchImage;
				INFOPLIST_FILE = Tumblr/Info.plist;
				LD_RUNPATH_SEARCH_PATHS = "$(inherited) @executable_path/Frameworks";
				PRODUCT_NAME = "$(TARGET_NAME)";
			};
			name = Debug;
		};
		917B7C5B1AAB487F00F01B43 /* Release */ = {
			isa = XCBuildConfiguration;
			buildSettings = {
				ASSETCATALOG_COMPILER_APPICON_NAME = AppIcon;
				ASSETCATALOG_COMPILER_LAUNCHIMAGE_NAME = LaunchImage;
				INFOPLIST_FILE = Tumblr/Info.plist;
				LD_RUNPATH_SEARCH_PATHS = "$(inherited) @executable_path/Frameworks";
				PRODUCT_NAME = "$(TARGET_NAME)";
			};
			name = Release;
		};
		917B7C5D1AAB487F00F01B43 /* Debug */ = {
			isa = XCBuildConfiguration;
			buildSettings = {
				BUNDLE_LOADER = "$(TEST_HOST)";
				FRAMEWORK_SEARCH_PATHS = (
					"$(SDKROOT)/Developer/Library/Frameworks",
					"$(inherited)",
				);
				GCC_PREPROCESSOR_DEFINITIONS = (
					"DEBUG=1",
					"$(inherited)",
				);
				INFOPLIST_FILE = TumblrTests/Info.plist;
				LD_RUNPATH_SEARCH_PATHS = "$(inherited) @executable_path/Frameworks @loader_path/Frameworks";
				PRODUCT_NAME = "$(TARGET_NAME)";
				TEST_HOST = "$(BUILT_PRODUCTS_DIR)/Tumblr.app/Tumblr";
			};
			name = Debug;
		};
		917B7C5E1AAB487F00F01B43 /* Release */ = {
			isa = XCBuildConfiguration;
			buildSettings = {
				BUNDLE_LOADER = "$(TEST_HOST)";
				FRAMEWORK_SEARCH_PATHS = (
					"$(SDKROOT)/Developer/Library/Frameworks",
					"$(inherited)",
				);
				INFOPLIST_FILE = TumblrTests/Info.plist;
				LD_RUNPATH_SEARCH_PATHS = "$(inherited) @executable_path/Frameworks @loader_path/Frameworks";
				PRODUCT_NAME = "$(TARGET_NAME)";
				TEST_HOST = "$(BUILT_PRODUCTS_DIR)/Tumblr.app/Tumblr";
			};
			name = Release;
		};
/* End XCBuildConfiguration section */

/* Begin XCConfigurationList section */
		917B7C351AAB487F00F01B43 /* Build configuration list for PBXProject "Tumblr" */ = {
			isa = XCConfigurationList;
			buildConfigurations = (
				917B7C571AAB487F00F01B43 /* Debug */,
				917B7C581AAB487F00F01B43 /* Release */,
			);
			defaultConfigurationIsVisible = 0;
			defaultConfigurationName = Release;
		};
		917B7C591AAB487F00F01B43 /* Build configuration list for PBXNativeTarget "Tumblr" */ = {
			isa = XCConfigurationList;
			buildConfigurations = (
				917B7C5A1AAB487F00F01B43 /* Debug */,
				917B7C5B1AAB487F00F01B43 /* Release */,
			);
			defaultConfigurationIsVisible = 0;
			defaultConfigurationName = Release;
		};
		917B7C5C1AAB487F00F01B43 /* Build configuration list for PBXNativeTarget "TumblrTests" */ = {
			isa = XCConfigurationList;
			buildConfigurations = (
				917B7C5D1AAB487F00F01B43 /* Debug */,
				917B7C5E1AAB487F00F01B43 /* Release */,
			);
			defaultConfigurationIsVisible = 0;
			defaultConfigurationName = Release;
		};
/* End XCConfigurationList section */
	};
	rootObject = 917B7C321AAB487F00F01B43 /* Project object */;
}
